{
  "requires": true,
  "lockfileVersion": 1,
  "dependencies": {
    "angular-in-memory-web-api": {
      "version": "0.5.4",
      "resolved": "https://registry.npmjs.org/angular-in-memory-web-api/-/angular-in-memory-web-api-0.5.4.tgz",
      "integrity": "sha512-Im5ZMXAaXE8rRwUEWSGNs5jDyrHC4vXRCxY2ZFqIZL5wBVeeZNVla3fIvpuVvNxw4JKyEUMOlOpMZE5QaPdDEg=="
    }
  }
}
